
Microsoft Visual Studio Solution File, Format Version 12.00
# Visual Studio Version 16
VisualStudioVersion = 16.0.31105.61
MinimumVisualStudioVersion = 10.0.40219.1
Project("{FAE04EC0-301F-11D3-BF4B-00C04F79EFBC}") = "Organizator Proslava", "Organizator Proslava\Organizator Proslava.csproj", "{777AB65A-436D-4074-A87F-00B60D536FF7}"
EndProject
Project("{2150E333-8FDC-42A3-9474-1A3956D46DE8}") = "Solution Items", "Solution Items", "{04286B12-14E3-41A8-8F12-8808028B8C58}"
	ProjectSection(SolutionItems) = preProject
		.editorconfig = .editorconfig
	EndProjectSection
EndProject
Global
	GlobalSection(SolutionConfigurationPlatforms) = preSolution
		Debug|Any CPU = Debug|Any CPU
		Release|Any CPU = Release|Any CPU
	EndGlobalSection
	GlobalSection(ProjectConfigurationPlatforms) = postSolution
		{777AB65A-436D-4074-A87F-00B60D536FF7}.Debug|Any CPU.ActiveCfg = Debug|Any CPU
		{777AB65A-436D-4074-A87F-00B60D536FF7}.Debug|Any CPU.Build.0 = Debug|Any CPU
		{777AB65A-436D-4074-A87F-00B60D536FF7}.Release|Any CPU.ActiveCfg = Release|Any CPU
		{777AB65A-436D-4074-A87F-00B60D536FF7}.Release|Any CPU.Build.0 = Release|Any CPU
	EndGlobalSection
	GlobalSection(SolutionProperties) = preSolution
		HideSolutionNode = FALSE
	EndGlobalSection
	GlobalSection(ExtensibilityGlobals) = postSolution
		SolutionGuid = {D039ABFF-BE5C-4EDD-B63A-445D5F620F60}
	EndGlobalSection
EndGlobal
